
Microsoft Visual Studio Solution File, Format Version 12.00
# Visual Studio Version 17
VisualStudioVersion = 17.7.34031.279
MinimumVisualStudioVersion = 10.0.40219.1
Project("{9A19103F-16F7-4668-BE54-9A1E7A4F7556}") = "WindowsClient", "DirectoryExplorer\WindowsClient.csproj", "{30B2BF26-19B1-497C-99EE-990F891CDCB4}"
EndProject
Project("{FAE04EC0-301F-11D3-BF4B-00C04F79EFBC}") = "Game", "Game\Game.csproj", "{F5AB3561-6015-4D7C-955A-5EC30EB00DE9}"
EndProject
Global
	GlobalSection(SolutionConfigurationPlatforms) = preSolution
		Debug|Any CPU = Debug|Any CPU
		Release|Any CPU = Release|Any CPU
	EndGlobalSection
	GlobalSection(ProjectConfigurationPlatforms) = postSolution
		{30B2BF26-19B1-497C-99EE-990F891CDCB4}.Debug|Any CPU.ActiveCfg = Debug|Any CPU
		{30B2BF26-19B1-497C-99EE-990F891CDCB4}.Debug|Any CPU.Build.0 = Debug|Any CPU
		{30B2BF26-19B1-497C-99EE-990F891CDCB4}.Release|Any CPU.ActiveCfg = Release|Any CPU
		{30B2BF26-19B1-497C-99EE-990F891CDCB4}.Release|Any CPU.Build.0 = Release|Any CPU
		{F5AB3561-6015-4D7C-955A-5EC30EB00DE9}.Debug|Any CPU.ActiveCfg = Debug|Any CPU
		{F5AB3561-6015-4D7C-955A-5EC30EB00DE9}.Debug|Any CPU.Build.0 = Debug|Any CPU
		{F5AB3561-6015-4D7C-955A-5EC30EB00DE9}.Release|Any CPU.ActiveCfg = Release|Any CPU
		{F5AB3561-6015-4D7C-955A-5EC30EB00DE9}.Release|Any CPU.Build.0 = Release|Any CPU
	EndGlobalSection
	GlobalSection(SolutionProperties) = preSolution
		HideSolutionNode = FALSE
	EndGlobalSection
	GlobalSection(ExtensibilityGlobals) = postSolution
		SolutionGuid = {8DC320EB-54EE-4FBA-9BA9-CCF613A57974}
	EndGlobalSection
EndGlobal
